
Microsoft Visual Studio Solution File, Format Version 12.00
# Visual Studio Version 17
VisualStudioVersion = 17.11.35327.3
MinimumVisualStudioVersion = 10.0.40219.1
Project("{9A19103F-16F7-4668-BE54-9A1E7A4F7556}") = "Ploject1", "Ploject1\Ploject1.csproj", "{08D8E81A-7D2C-4CA5-AC0B-D520B0B1E85D}"
EndProject
Project("{9A19103F-16F7-4668-BE54-9A1E7A4F7556}") = "CarStore.BL", "CarStore.BL\CarStore.BL.csproj", "{4B1C8C14-4C8A-4211-8284-4299140E28D4}"
EndProject
Project("{9A19103F-16F7-4668-BE54-9A1E7A4F7556}") = "CarStore.DL", "CarStore.DL\CarStore.DL.csproj", "{65C5F225-9C1E-4E13-9E9A-EDFBD258E34A}"
EndProject
Project("{9A19103F-16F7-4668-BE54-9A1E7A4F7556}") = "CarStore.Models", "CarStore.Models\CarStore.Models.csproj", "{536B23A7-7BEF-4918-9C10-04E09FDBE2A6}"
EndProject
Project("{FAE04EC0-301F-11D3-BF4B-00C04F79EFBC}") = "CarStore.Tests", "CarStore.Tests\CarStore.Tests.csproj", "{69164699-3220-4160-86A3-A53F8557F504}"
EndProject
Global
	GlobalSection(SolutionConfigurationPlatforms) = preSolution
		Debug|Any CPU = Debug|Any CPU
		Release|Any CPU = Release|Any CPU
	EndGlobalSection
	GlobalSection(ProjectConfigurationPlatforms) = postSolution
		{08D8E81A-7D2C-4CA5-AC0B-D520B0B1E85D}.Debug|Any CPU.ActiveCfg = Debug|Any CPU
		{08D8E81A-7D2C-4CA5-AC0B-D520B0B1E85D}.Debug|Any CPU.Build.0 = Debug|Any CPU
		{08D8E81A-7D2C-4CA5-AC0B-D520B0B1E85D}.Release|Any CPU.ActiveCfg = Release|Any CPU
		{08D8E81A-7D2C-4CA5-AC0B-D520B0B1E85D}.Release|Any CPU.Build.0 = Release|Any CPU
		{4B1C8C14-4C8A-4211-8284-4299140E28D4}.Debug|Any CPU.ActiveCfg = Debug|Any CPU
		{4B1C8C14-4C8A-4211-8284-4299140E28D4}.Debug|Any CPU.Build.0 = Debug|Any CPU
		{4B1C8C14-4C8A-4211-8284-4299140E28D4}.Release|Any CPU.ActiveCfg = Release|Any CPU
		{4B1C8C14-4C8A-4211-8284-4299140E28D4}.Release|Any CPU.Build.0 = Release|Any CPU
		{65C5F225-9C1E-4E13-9E9A-EDFBD258E34A}.Debug|Any CPU.ActiveCfg = Debug|Any CPU
		{65C5F225-9C1E-4E13-9E9A-EDFBD258E34A}.Debug|Any CPU.Build.0 = Debug|Any CPU
		{65C5F225-9C1E-4E13-9E9A-EDFBD258E34A}.Release|Any CPU.ActiveCfg = Release|Any CPU
		{65C5F225-9C1E-4E13-9E9A-EDFBD258E34A}.Release|Any CPU.Build.0 = Release|Any CPU
		{536B23A7-7BEF-4918-9C10-04E09FDBE2A6}.Debug|Any CPU.ActiveCfg = Debug|Any CPU
		{536B23A7-7BEF-4918-9C10-04E09FDBE2A6}.Debug|Any CPU.Build.0 = Debug|Any CPU
		{536B23A7-7BEF-4918-9C10-04E09FDBE2A6}.Release|Any CPU.ActiveCfg = Release|Any CPU
		{536B23A7-7BEF-4918-9C10-04E09FDBE2A6}.Release|Any CPU.Build.0 = Release|Any CPU
		{69164699-3220-4160-86A3-A53F8557F504}.Debug|Any CPU.ActiveCfg = Debug|Any CPU
		{69164699-3220-4160-86A3-A53F8557F504}.Debug|Any CPU.Build.0 = Debug|Any CPU
		{69164699-3220-4160-86A3-A53F8557F504}.Release|Any CPU.ActiveCfg = Release|Any CPU
		{69164699-3220-4160-86A3-A53F8557F504}.Release|Any CPU.Build.0 = Release|Any CPU
	EndGlobalSection
	GlobalSection(SolutionProperties) = preSolution
		HideSolutionNode = FALSE
	EndGlobalSection
	GlobalSection(ExtensibilityGlobals) = postSolution
		SolutionGuid = {514921EB-F58A-4E86-99E1-B143454AA8B0}
	EndGlobalSection
EndGlobal
